
Microsoft Visual Studio Solution File, Format Version 12.00
# Visual Studio Version 17
VisualStudioVersion = 17.0.31903.59
MinimumVisualStudioVersion = 10.0.40219.1
Project("{2150E333-8FDC-42A3-9474-1A3956D46DE8}") = "src", "src", "{827E0CD3-B72D-47B6-A68D-7590B98EB39B}"
EndProject
Project("{FAE04EC0-301F-11D3-BF4B-00C04F79EFBC}") = "DockerBuildBoxSystem.App", "src\DockerBuildBoxSystem.App\DockerBuildBoxSystem.App.csproj", "{4FDD646E-43A6-446A-9F58-41B898289257}"
EndProject
Project("{FAE04EC0-301F-11D3-BF4B-00C04F79EFBC}") = "DockerBuildBoxSystem.Contracts", "src\DockerBuildBoxSystem.Contracts\DockerBuildBoxSystem.Contracts.csproj", "{16B84336-2E85-4FB8-848F-8A7A57172871}"
EndProject
Project("{FAE04EC0-301F-11D3-BF4B-00C04F79EFBC}") = "DockerBuildBoxSystem.Domain", "src\DockerBuildBoxSystem.Domain\DockerBuildBoxSystem.Domain.csproj", "{200A1CEB-ADEF-41E2-B91F-263EB6399622}"
EndProject
Project("{FAE04EC0-301F-11D3-BF4B-00C04F79EFBC}") = "DockerBuildBoxSystem.ViewModels", "src\DockerBuildBoxSystem.ViewModels\DockerBuildBoxSystem.ViewModels.csproj", "{2B85EA1E-4E45-422C-8C8A-682432EA9456}"
EndProject
Project("{2150E333-8FDC-42A3-9474-1A3956D46DE8}") = "tests", "tests", "{0AB3BF05-4346-4AA6-1389-037BE0695223}"
EndProject
Project("{FAE04EC0-301F-11D3-BF4B-00C04F79EFBC}") = "DockerBuildBoxSystem.TestUtils", "tests\DockerBuildBoxSystem.TestUtils\DockerBuildBoxSystem.TestUtils.csproj", "{C25DDCE9-EEF8-42FB-80AE-C753130812BF}"
EndProject
Project("{FAE04EC0-301F-11D3-BF4B-00C04F79EFBC}") = "DockerBuildBoxSystem.Domain.Tests", "tests\DockerBuildBoxSystem.Domain.Tests\DockerBuildBoxSystem.Domain.Tests.csproj", "{81C9581C-825A-4AEC-94D1-7205E157A538}"
EndProject
Project("{FAE04EC0-301F-11D3-BF4B-00C04F79EFBC}") = "DockerBuildBoxSystem.ViewModels.Tests", "tests\DockerBuildBoxSystem.ViewModels.Tests\DockerBuildBoxSystem.ViewModels.Tests.csproj", "{6BFD054D-C1DC-471D-8880-2B1DA78B3502}"
EndProject
Global
	GlobalSection(SolutionConfigurationPlatforms) = preSolution
		Debug|Any CPU = Debug|Any CPU
		Debug|x64 = Debug|x64
		Debug|x86 = Debug|x86
		Release|Any CPU = Release|Any CPU
		Release|x64 = Release|x64
		Release|x86 = Release|x86
	EndGlobalSection
	GlobalSection(ProjectConfigurationPlatforms) = postSolution
		{4FDD646E-43A6-446A-9F58-41B898289257}.Debug|Any CPU.ActiveCfg = Debug|Any CPU
		{4FDD646E-43A6-446A-9F58-41B898289257}.Debug|Any CPU.Build.0 = Debug|Any CPU
		{4FDD646E-43A6-446A-9F58-41B898289257}.Debug|x64.ActiveCfg = Debug|Any CPU
		{4FDD646E-43A6-446A-9F58-41B898289257}.Debug|x64.Build.0 = Debug|Any CPU
		{4FDD646E-43A6-446A-9F58-41B898289257}.Debug|x86.ActiveCfg = Debug|Any CPU
		{4FDD646E-43A6-446A-9F58-41B898289257}.Debug|x86.Build.0 = Debug|Any CPU
		{4FDD646E-43A6-446A-9F58-41B898289257}.Release|Any CPU.ActiveCfg = Release|Any CPU
		{4FDD646E-43A6-446A-9F58-41B898289257}.Release|Any CPU.Build.0 = Release|Any CPU
		{4FDD646E-43A6-446A-9F58-41B898289257}.Release|x64.ActiveCfg = Release|Any CPU
		{4FDD646E-43A6-446A-9F58-41B898289257}.Release|x64.Build.0 = Release|Any CPU
		{4FDD646E-43A6-446A-9F58-41B898289257}.Release|x86.ActiveCfg = Release|Any CPU
		{4FDD646E-43A6-446A-9F58-41B898289257}.Release|x86.Build.0 = Release|Any CPU
		{16B84336-2E85-4FB8-848F-8A7A57172871}.Debug|Any CPU.ActiveCfg = Debug|Any CPU
		{16B84336-2E85-4FB8-848F-8A7A57172871}.Debug|Any CPU.Build.0 = Debug|Any CPU
		{16B84336-2E85-4FB8-848F-8A7A57172871}.Debug|x64.ActiveCfg = Debug|Any CPU
		{16B84336-2E85-4FB8-848F-8A7A57172871}.Debug|x64.Build.0 = Debug|Any CPU
		{16B84336-2E85-4FB8-848F-8A7A57172871}.Debug|x86.ActiveCfg = Debug|Any CPU
		{16B84336-2E85-4FB8-848F-8A7A57172871}.Debug|x86.Build.0 = Debug|Any CPU
		{16B84336-2E85-4FB8-848F-8A7A57172871}.Release|Any CPU.ActiveCfg = Release|Any CPU
		{16B84336-2E85-4FB8-848F-8A7A57172871}.Release|Any CPU.Build.0 = Release|Any CPU
		{16B84336-2E85-4FB8-848F-8A7A57172871}.Release|x64.ActiveCfg = Release|Any CPU
		{16B84336-2E85-4FB8-848F-8A7A57172871}.Release|x64.Build.0 = Release|Any CPU
		{16B84336-2E85-4FB8-848F-8A7A57172871}.Release|x86.ActiveCfg = Release|Any CPU
		{16B84336-2E85-4FB8-848F-8A7A57172871}.Release|x86.Build.0 = Release|Any CPU
		{200A1CEB-ADEF-41E2-B91F-263EB6399622}.Debug|Any CPU.ActiveCfg = Debug|Any CPU
		{200A1CEB-ADEF-41E2-B91F-263EB6399622}.Debug|Any CPU.Build.0 = Debug|Any CPU
		{200A1CEB-ADEF-41E2-B91F-263EB6399622}.Debug|x64.ActiveCfg = Debug|Any CPU
		{200A1CEB-ADEF-41E2-B91F-263EB6399622}.Debug|x64.Build.0 = Debug|Any CPU
		{200A1CEB-ADEF-41E2-B91F-263EB6399622}.Debug|x86.ActiveCfg = Debug|Any CPU
		{200A1CEB-ADEF-41E2-B91F-263EB6399622}.Debug|x86.Build.0 = Debug|Any CPU
		{200A1CEB-ADEF-41E2-B91F-263EB6399622}.Release|Any CPU.ActiveCfg = Release|Any CPU
		{200A1CEB-ADEF-41E2-B91F-263EB6399622}.Release|Any CPU.Build.0 = Release|Any CPU
		{200A1CEB-ADEF-41E2-B91F-263EB6399622}.Release|x64.ActiveCfg = Release|Any CPU
		{200A1CEB-ADEF-41E2-B91F-263EB6399622}.Release|x64.Build.0 = Release|Any CPU
		{200A1CEB-ADEF-41E2-B91F-263EB6399622}.Release|x86.ActiveCfg = Release|Any CPU
		{200A1CEB-ADEF-41E2-B91F-263EB6399622}.Release|x86.Build.0 = Release|Any CPU
		{2B85EA1E-4E45-422C-8C8A-682432EA9456}.Debug|Any CPU.ActiveCfg = Debug|Any CPU
		{2B85EA1E-4E45-422C-8C8A-682432EA9456}.Debug|Any CPU.Build.0 = Debug|Any CPU
		{2B85EA1E-4E45-422C-8C8A-682432EA9456}.Debug|x64.ActiveCfg = Debug|Any CPU
		{2B85EA1E-4E45-422C-8C8A-682432EA9456}.Debug|x64.Build.0 = Debug|Any CPU
		{2B85EA1E-4E45-422C-8C8A-682432EA9456}.Debug|x86.ActiveCfg = Debug|Any CPU
		{2B85EA1E-4E45-422C-8C8A-682432EA9456}.Debug|x86.Build.0 = Debug|Any CPU
		{2B85EA1E-4E45-422C-8C8A-682432EA9456}.Release|Any CPU.ActiveCfg = Release|Any CPU
		{2B85EA1E-4E45-422C-8C8A-682432EA9456}.Release|Any CPU.Build.0 = Release|Any CPU
		{2B85EA1E-4E45-422C-8C8A-682432EA9456}.Release|x64.ActiveCfg = Release|Any CPU
		{2B85EA1E-4E45-422C-8C8A-682432EA9456}.Release|x64.Build.0 = Release|Any CPU
		{2B85EA1E-4E45-422C-8C8A-682432EA9456}.Release|x86.ActiveCfg = Release|Any CPU
		{2B85EA1E-4E45-422C-8C8A-682432EA9456}.Release|x86.Build.0 = Release|Any CPU
		{C25DDCE9-EEF8-42FB-80AE-C753130812BF}.Debug|Any CPU.ActiveCfg = Debug|Any CPU
		{C25DDCE9-EEF8-42FB-80AE-C753130812BF}.Debug|Any CPU.Build.0 = Debug|Any CPU
		{C25DDCE9-EEF8-42FB-80AE-C753130812BF}.Debug|x64.ActiveCfg = Debug|Any CPU
		{C25DDCE9-EEF8-42FB-80AE-C753130812BF}.Debug|x64.Build.0 = Debug|Any CPU
		{C25DDCE9-EEF8-42FB-80AE-C753130812BF}.Debug|x86.ActiveCfg = Debug|Any CPU
		{C25DDCE9-EEF8-42FB-80AE-C753130812BF}.Debug|x86.Build.0 = Debug|Any CPU
		{C25DDCE9-EEF8-42FB-80AE-C753130812BF}.Release|Any CPU.ActiveCfg = Release|Any CPU
		{C25DDCE9-EEF8-42FB-80AE-C753130812BF}.Release|Any CPU.Build.0 = Release|Any CPU
		{C25DDCE9-EEF8-42FB-80AE-C753130812BF}.Release|x64.ActiveCfg = Release|Any CPU
		{C25DDCE9-EEF8-42FB-80AE-C753130812BF}.Release|x64.Build.0 = Release|Any CPU
		{C25DDCE9-EEF8-42FB-80AE-C753130812BF}.Release|x86.ActiveCfg = Release|Any CPU
		{C25DDCE9-EEF8-42FB-80AE-C753130812BF}.Release|x86.Build.0 = Release|Any CPU
		{81C9581C-825A-4AEC-94D1-7205E157A538}.Debug|Any CPU.ActiveCfg = Debug|Any CPU
		{81C9581C-825A-4AEC-94D1-7205E157A538}.Debug|Any CPU.Build.0 = Debug|Any CPU
		{81C9581C-825A-4AEC-94D1-7205E157A538}.Debug|x64.ActiveCfg = Debug|Any CPU
		{81C9581C-825A-4AEC-94D1-7205E157A538}.Debug|x64.Build.0 = Debug|Any CPU
		{81C9581C-825A-4AEC-94D1-7205E157A538}.Debug|x86.ActiveCfg = Debug|Any CPU
		{81C9581C-825A-4AEC-94D1-7205E157A538}.Debug|x86.Build.0 = Debug|Any CPU
		{81C9581C-825A-4AEC-94D1-7205E157A538}.Release|Any CPU.ActiveCfg = Release|Any CPU
		{81C9581C-825A-4AEC-94D1-7205E157A538}.Release|Any CPU.Build.0 = Release|Any CPU
		{81C9581C-825A-4AEC-94D1-7205E157A538}.Release|x64.ActiveCfg = Release|Any CPU
		{81C9581C-825A-4AEC-94D1-7205E157A538}.Release|x64.Build.0 = Release|Any CPU
		{81C9581C-825A-4AEC-94D1-7205E157A538}.Release|x86.ActiveCfg = Release|Any CPU
		{81C9581C-825A-4AEC-94D1-7205E157A538}.Release|x86.Build.0 = Release|Any CPU
		{6BFD054D-C1DC-471D-8880-2B1DA78B3502}.Debug|Any CPU.ActiveCfg = Debug|Any CPU
		{6BFD054D-C1DC-471D-8880-2B1DA78B3502}.Debug|Any CPU.Build.0 = Debug|Any CPU
		{6BFD054D-C1DC-471D-8880-2B1DA78B3502}.Debug|x64.ActiveCfg = Debug|Any CPU
		{6BFD054D-C1DC-471D-8880-2B1DA78B3502}.Debug|x64.Build.0 = Debug|Any CPU
		{6BFD054D-C1DC-471D-8880-2B1DA78B3502}.Debug|x86.ActiveCfg = Debug|Any CPU
		{6BFD054D-C1DC-471D-8880-2B1DA78B3502}.Debug|x86.Build.0 = Debug|Any CPU
		{6BFD054D-C1DC-471D-8880-2B1DA78B3502}.Release|Any CPU.ActiveCfg = Release|Any CPU
		{6BFD054D-C1DC-471D-8880-2B1DA78B3502}.Release|Any CPU.Build.0 = Release|Any CPU
		{6BFD054D-C1DC-471D-8880-2B1DA78B3502}.Release|x64.ActiveCfg = Release|Any CPU
		{6BFD054D-C1DC-471D-8880-2B1DA78B3502}.Release|x64.Build.0 = Release|Any CPU
		{6BFD054D-C1DC-471D-8880-2B1DA78B3502}.Release|x86.ActiveCfg = Release|Any CPU
		{6BFD054D-C1DC-471D-8880-2B1DA78B3502}.Release|x86.Build.0 = Release|Any CPU
	EndGlobalSection
	GlobalSection(SolutionProperties) = preSolution
		HideSolutionNode = FALSE
	EndGlobalSection
	GlobalSection(NestedProjects) = preSolution
		{4FDD646E-43A6-446A-9F58-41B898289257} = {827E0CD3-B72D-47B6-A68D-7590B98EB39B}
		{16B84336-2E85-4FB8-848F-8A7A57172871} = {827E0CD3-B72D-47B6-A68D-7590B98EB39B}
		{200A1CEB-ADEF-41E2-B91F-263EB6399622} = {827E0CD3-B72D-47B6-A68D-7590B98EB39B}
		{2B85EA1E-4E45-422C-8C8A-682432EA9456} = {827E0CD3-B72D-47B6-A68D-7590B98EB39B}
		{C25DDCE9-EEF8-42FB-80AE-C753130812BF} = {0AB3BF05-4346-4AA6-1389-037BE0695223}
		{81C9581C-825A-4AEC-94D1-7205E157A538} = {0AB3BF05-4346-4AA6-1389-037BE0695223}
		{6BFD054D-C1DC-471D-8880-2B1DA78B3502} = {0AB3BF05-4346-4AA6-1389-037BE0695223}
	EndGlobalSection
	GlobalSection(ExtensibilityGlobals) = postSolution
		SolutionGuid = {786E2071-FC52-491C-98EE-7E57BA1ADC05}
	EndGlobalSection
EndGlobal
